
Microsoft Visual Studio Solution File, Format Version 12.00
# Visual Studio Version 16
VisualStudioVersion = 16.0.30907.101
MinimumVisualStudioVersion = 10.0.40219.1
Project("{9A19103F-16F7-4668-BE54-9A1E7A4F7556}") = "KampGiris", "KampGiris\KampGiris.csproj", "{95F7DD23-154E-42BA-ABB9-7B4D2D65ABE1}"
EndProject
Project("{9A19103F-16F7-4668-BE54-9A1E7A4F7556}") = "Donguler", "Donguler\Donguler.csproj", "{1C0A729F-B992-46DB-BC85-E93B26CAE32A}"
EndProject
Project("{9A19103F-16F7-4668-BE54-9A1E7A4F7556}") = "Metotlar", "Metotlar\Metotlar.csproj", "{1F37DE94-804D-4094-93C1-19CFB4CF217F}"
EndProject
Project("{9A19103F-16F7-4668-BE54-9A1E7A4F7556}") = "Matematik", "Matematik\Matematik.csproj", "{386FF6EC-39FB-46DC-A091-F2FE29138E4E}"
EndProject
Project("{9A19103F-16F7-4668-BE54-9A1E7A4F7556}") = "ClassIntro", "ClassIntro\ClassIntro.csproj", "{F3E6FC2D-E55A-4003-BDBE-6C810481F3EB}"
EndProject
Project("{9A19103F-16F7-4668-BE54-9A1E7A4F7556}") = "DegerVeReferansTipler", "DegerVeReferansTipler\DegerVeReferansTipler.csproj", "{6240C79E-602F-4EB2-8CF2-3082F7CA40C7}"
EndProject
Project("{9A19103F-16F7-4668-BE54-9A1E7A4F7556}") = "ClassMetotDemo", "ClassMetotDemo\ClassMetotDemo.csproj", "{774C29C7-B11C-45B2-A01E-C20390DB8558}"
EndProject
Project("{9A19103F-16F7-4668-BE54-9A1E7A4F7556}") = "OOP1", "OOP1\OOP1.csproj", "{F50DFA55-EBD8-4C8F-987D-99B01A268330}"
EndProject
Project("{9A19103F-16F7-4668-BE54-9A1E7A4F7556}") = "Koleksiyonlar", "Koleksiyonlar\Koleksiyonlar.csproj", "{A7FF336D-0759-4D70-9E7D-1A44839A1A8B}"
EndProject
Project("{9A19103F-16F7-4668-BE54-9A1E7A4F7556}") = "GenericsIntro", "GenericsIntro\GenericsIntro.csproj", "{6613949F-D9C4-4022-85F7-55B1AC05B3D9}"
EndProject
Project("{9A19103F-16F7-4668-BE54-9A1E7A4F7556}") = "ReferenceTypes", "ReferenceTypes\ReferenceTypes.csproj", "{9D434D9D-4D26-4A05-9DD7-E3D43CC80E2C}"
EndProject
Project("{9A19103F-16F7-4668-BE54-9A1E7A4F7556}") = "Constructors", "Constructors\Constructors.csproj", "{8F0122F9-83EC-4541-9D83-B4F8CAACD97E}"
EndProject
Project("{9A19103F-16F7-4668-BE54-9A1E7A4F7556}") = "Generics", "Generics\Generics.csproj", "{E83FF53B-A13B-4D2F-B723-975734654EAD}"
EndProject
Project("{9A19103F-16F7-4668-BE54-9A1E7A4F7556}") = "MyDictionary", "MyDictionary\MyDictionary.csproj", "{A996A45F-B4EA-4083-BF90-83AB73A4988E}"
EndProject
Project("{FAE04EC0-301F-11D3-BF4B-00C04F79EFBC}") = "OOP2", "OOP2\OOP2.csproj", "{16B3FBF5-1FDB-42C4-9D41-2F913F2CACE6}"
EndProject
Project("{FAE04EC0-301F-11D3-BF4B-00C04F79EFBC}") = "OOP3", "OOP3\OOP3.csproj", "{3A269E5B-E3DE-43C6-883D-7253C7F69DBB}"
EndProject
Global
	GlobalSection(SolutionConfigurationPlatforms) = preSolution
		Debug|Any CPU = Debug|Any CPU
		Release|Any CPU = Release|Any CPU
	EndGlobalSection
	GlobalSection(ProjectConfigurationPlatforms) = postSolution
		{95F7DD23-154E-42BA-ABB9-7B4D2D65ABE1}.Debug|Any CPU.ActiveCfg = Debug|Any CPU
		{95F7DD23-154E-42BA-ABB9-7B4D2D65ABE1}.Debug|Any CPU.Build.0 = Debug|Any CPU
		{95F7DD23-154E-42BA-ABB9-7B4D2D65ABE1}.Release|Any CPU.ActiveCfg = Release|Any CPU
		{95F7DD23-154E-42BA-ABB9-7B4D2D65ABE1}.Release|Any CPU.Build.0 = Release|Any CPU
		{1C0A729F-B992-46DB-BC85-E93B26CAE32A}.Debug|Any CPU.ActiveCfg = Debug|Any CPU
		{1C0A729F-B992-46DB-BC85-E93B26CAE32A}.Debug|Any CPU.Build.0 = Debug|Any CPU
		{1C0A729F-B992-46DB-BC85-E93B26CAE32A}.Release|Any CPU.ActiveCfg = Release|Any CPU
		{1C0A729F-B992-46DB-BC85-E93B26CAE32A}.Release|Any CPU.Build.0 = Release|Any CPU
		{1F37DE94-804D-4094-93C1-19CFB4CF217F}.Debug|Any CPU.ActiveCfg = Debug|Any CPU
		{1F37DE94-804D-4094-93C1-19CFB4CF217F}.Debug|Any CPU.Build.0 = Debug|Any CPU
		{1F37DE94-804D-4094-93C1-19CFB4CF217F}.Release|Any CPU.ActiveCfg = Release|Any CPU
		{1F37DE94-804D-4094-93C1-19CFB4CF217F}.Release|Any CPU.Build.0 = Release|Any CPU
		{386FF6EC-39FB-46DC-A091-F2FE29138E4E}.Debug|Any CPU.ActiveCfg = Debug|Any CPU
		{386FF6EC-39FB-46DC-A091-F2FE29138E4E}.Debug|Any CPU.Build.0 = Debug|Any CPU
		{386FF6EC-39FB-46DC-A091-F2FE29138E4E}.Release|Any CPU.ActiveCfg = Release|Any CPU
		{386FF6EC-39FB-46DC-A091-F2FE29138E4E}.Release|Any CPU.Build.0 = Release|Any CPU
		{F3E6FC2D-E55A-4003-BDBE-6C810481F3EB}.Debug|Any CPU.ActiveCfg = Debug|Any CPU
		{F3E6FC2D-E55A-4003-BDBE-6C810481F3EB}.Debug|Any CPU.Build.0 = Debug|Any CPU
		{F3E6FC2D-E55A-4003-BDBE-6C810481F3EB}.Release|Any CPU.ActiveCfg = Release|Any CPU
		{F3E6FC2D-E55A-4003-BDBE-6C810481F3EB}.Release|Any CPU.Build.0 = Release|Any CPU
		{6240C79E-602F-4EB2-8CF2-3082F7CA40C7}.Debug|Any CPU.ActiveCfg = Debug|Any CPU
		{6240C79E-602F-4EB2-8CF2-3082F7CA40C7}.Debug|Any CPU.Build.0 = Debug|Any CPU
		{6240C79E-602F-4EB2-8CF2-3082F7CA40C7}.Release|Any CPU.ActiveCfg = Release|Any CPU
		{6240C79E-602F-4EB2-8CF2-3082F7CA40C7}.Release|Any CPU.Build.0 = Release|Any CPU
		{774C29C7-B11C-45B2-A01E-C20390DB8558}.Debug|Any CPU.ActiveCfg = Debug|Any CPU
		{774C29C7-B11C-45B2-A01E-C20390DB8558}.Debug|Any CPU.Build.0 = Debug|Any CPU
		{774C29C7-B11C-45B2-A01E-C20390DB8558}.Release|Any CPU.ActiveCfg = Release|Any CPU
		{774C29C7-B11C-45B2-A01E-C20390DB8558}.Release|Any CPU.Build.0 = Release|Any CPU
		{F50DFA55-EBD8-4C8F-987D-99B01A268330}.Debug|Any CPU.ActiveCfg = Debug|Any CPU
		{F50DFA55-EBD8-4C8F-987D-99B01A268330}.Debug|Any CPU.Build.0 = Debug|Any CPU
		{F50DFA55-EBD8-4C8F-987D-99B01A268330}.Release|Any CPU.ActiveCfg = Release|Any CPU
		{F50DFA55-EBD8-4C8F-987D-99B01A268330}.Release|Any CPU.Build.0 = Release|Any CPU
		{A7FF336D-0759-4D70-9E7D-1A44839A1A8B}.Debug|Any CPU.ActiveCfg = Debug|Any CPU
		{A7FF336D-0759-4D70-9E7D-1A44839A1A8B}.Debug|Any CPU.Build.0 = Debug|Any CPU
		{A7FF336D-0759-4D70-9E7D-1A44839A1A8B}.Release|Any CPU.ActiveCfg = Release|Any CPU
		{A7FF336D-0759-4D70-9E7D-1A44839A1A8B}.Release|Any CPU.Build.0 = Release|Any CPU
		{6613949F-D9C4-4022-85F7-55B1AC05B3D9}.Debug|Any CPU.ActiveCfg = Debug|Any CPU
		{6613949F-D9C4-4022-85F7-55B1AC05B3D9}.Debug|Any CPU.Build.0 = Debug|Any CPU
		{6613949F-D9C4-4022-85F7-55B1AC05B3D9}.Release|Any CPU.ActiveCfg = Release|Any CPU
		{6613949F-D9C4-4022-85F7-55B1AC05B3D9}.Release|Any CPU.Build.0 = Release|Any CPU
		{9D434D9D-4D26-4A05-9DD7-E3D43CC80E2C}.Debug|Any CPU.ActiveCfg = Debug|Any CPU
		{9D434D9D-4D26-4A05-9DD7-E3D43CC80E2C}.Debug|Any CPU.Build.0 = Debug|Any CPU
		{9D434D9D-4D26-4A05-9DD7-E3D43CC80E2C}.Release|Any CPU.ActiveCfg = Release|Any CPU
		{9D434D9D-4D26-4A05-9DD7-E3D43CC80E2C}.Release|Any CPU.Build.0 = Release|Any CPU
		{8F0122F9-83EC-4541-9D83-B4F8CAACD97E}.Debug|Any CPU.ActiveCfg = Debug|Any CPU
		{8F0122F9-83EC-4541-9D83-B4F8CAACD97E}.Debug|Any CPU.Build.0 = Debug|Any CPU
		{8F0122F9-83EC-4541-9D83-B4F8CAACD97E}.Release|Any CPU.ActiveCfg = Release|Any CPU
		{8F0122F9-83EC-4541-9D83-B4F8CAACD97E}.Release|Any CPU.Build.0 = Release|Any CPU
		{E83FF53B-A13B-4D2F-B723-975734654EAD}.Debug|Any CPU.ActiveCfg = Debug|Any CPU
		{E83FF53B-A13B-4D2F-B723-975734654EAD}.Debug|Any CPU.Build.0 = Debug|Any CPU
		{E83FF53B-A13B-4D2F-B723-975734654EAD}.Release|Any CPU.ActiveCfg = Release|Any CPU
		{E83FF53B-A13B-4D2F-B723-975734654EAD}.Release|Any CPU.Build.0 = Release|Any CPU
		{A996A45F-B4EA-4083-BF90-83AB73A4988E}.Debug|Any CPU.ActiveCfg = Debug|Any CPU
		{A996A45F-B4EA-4083-BF90-83AB73A4988E}.Debug|Any CPU.Build.0 = Debug|Any CPU
		{A996A45F-B4EA-4083-BF90-83AB73A4988E}.Release|Any CPU.ActiveCfg = Release|Any CPU
		{A996A45F-B4EA-4083-BF90-83AB73A4988E}.Release|Any CPU.Build.0 = Release|Any CPU
		{16B3FBF5-1FDB-42C4-9D41-2F913F2CACE6}.Debug|Any CPU.ActiveCfg = Debug|Any CPU
		{16B3FBF5-1FDB-42C4-9D41-2F913F2CACE6}.Debug|Any CPU.Build.0 = Debug|Any CPU
		{16B3FBF5-1FDB-42C4-9D41-2F913F2CACE6}.Release|Any CPU.ActiveCfg = Release|Any CPU
		{16B3FBF5-1FDB-42C4-9D41-2F913F2CACE6}.Release|Any CPU.Build.0 = Release|Any CPU
		{3A269E5B-E3DE-43C6-883D-7253C7F69DBB}.Debug|Any CPU.ActiveCfg = Debug|Any CPU
		{3A269E5B-E3DE-43C6-883D-7253C7F69DBB}.Debug|Any CPU.Build.0 = Debug|Any CPU
		{3A269E5B-E3DE-43C6-883D-7253C7F69DBB}.Release|Any CPU.ActiveCfg = Release|Any CPU
		{3A269E5B-E3DE-43C6-883D-7253C7F69DBB}.Release|Any CPU.Build.0 = Release|Any CPU
	EndGlobalSection
	GlobalSection(SolutionProperties) = preSolution
		HideSolutionNode = FALSE
	EndGlobalSection
	GlobalSection(ExtensibilityGlobals) = postSolution
		SolutionGuid = {BDD2C3D8-52A8-40DD-B56B-A9D8F188DCC7}
	EndGlobalSection
EndGlobal
